
Microsoft Visual Studio Solution File, Format Version 12.00
# Visual Studio 14
VisualStudioVersion = 14.0.25420.1
MinimumVisualStudioVersion = 10.0.40219.1
Project("{FAE04EC0-301F-11D3-BF4B-00C04F79EFBC}") = "Tugas Akhir 5 - Stream Input Manual", "Tugas Akhir 5 - Stream Input Manual\Tugas Akhir 5 - Stream Input Manual.csproj", "{651BCB4E-F854-4A43-9263-9235E0C8A7EA}"
EndProject
Project("{FAE04EC0-301F-11D3-BF4B-00C04F79EFBC}") = "Tugas Akhir Binary", "..\..\Projects2\Binary Reader and Writer\Tugas Akhir Binary\Tugas Akhir Binary.csproj", "{5033F559-4530-4CC0-A3C2-5D36FA309CD9}"
EndProject
Global
	GlobalSection(SolutionConfigurationPlatforms) = preSolution
		Debug|Any CPU = Debug|Any CPU
		Release|Any CPU = Release|Any CPU
	EndGlobalSection
	GlobalSection(ProjectConfigurationPlatforms) = postSolution
		{651BCB4E-F854-4A43-9263-9235E0C8A7EA}.Debug|Any CPU.ActiveCfg = Debug|Any CPU
		{651BCB4E-F854-4A43-9263-9235E0C8A7EA}.Debug|Any CPU.Build.0 = Debug|Any CPU
		{651BCB4E-F854-4A43-9263-9235E0C8A7EA}.Release|Any CPU.ActiveCfg = Release|Any CPU
		{651BCB4E-F854-4A43-9263-9235E0C8A7EA}.Release|Any CPU.Build.0 = Release|Any CPU
		{5033F559-4530-4CC0-A3C2-5D36FA309CD9}.Debug|Any CPU.ActiveCfg = Debug|Any CPU
		{5033F559-4530-4CC0-A3C2-5D36FA309CD9}.Debug|Any CPU.Build.0 = Debug|Any CPU
		{5033F559-4530-4CC0-A3C2-5D36FA309CD9}.Release|Any CPU.ActiveCfg = Release|Any CPU
		{5033F559-4530-4CC0-A3C2-5D36FA309CD9}.Release|Any CPU.Build.0 = Release|Any CPU
	EndGlobalSection
	GlobalSection(SolutionProperties) = preSolution
		HideSolutionNode = FALSE
	EndGlobalSection
EndGlobal
